
Microsoft Visual Studio Solution File, Format Version 12.00
# Visual Studio Version 16
VisualStudioVersion = 16.0.30309.148
MinimumVisualStudioVersion = 10.0.40219.1
Project("{FAE04EC0-301F-11D3-BF4B-00C04F79EFBC}") = "Budgetwork.Core", "Budgetwork.Core\Budgetwork.Core.csproj", "{891EB598-9DD1-49EC-933A-2645F3AC8B22}"
EndProject
Project("{FAE04EC0-301F-11D3-BF4B-00C04F79EFBC}") = "Badgetwork.Infrastructure", "Badgetwork.Infrastructure\Badgetwork.Infrastructure.csproj", "{50A8803C-F41E-4995-B069-C8EDC3212AE4}"
EndProject
Project("{FAE04EC0-301F-11D3-BF4B-00C04F79EFBC}") = "Budgetwork.Business", "Budgetwork.Business\Budgetwork.Business.csproj", "{CE575B8D-FEE7-4FBF-9B47-9BA74A2DF200}"
EndProject
Global
	GlobalSection(SolutionConfigurationPlatforms) = preSolution
		Debug|Any CPU = Debug|Any CPU
		Release|Any CPU = Release|Any CPU
	EndGlobalSection
	GlobalSection(ProjectConfigurationPlatforms) = postSolution
		{891EB598-9DD1-49EC-933A-2645F3AC8B22}.Debug|Any CPU.ActiveCfg = Debug|Any CPU
		{891EB598-9DD1-49EC-933A-2645F3AC8B22}.Debug|Any CPU.Build.0 = Debug|Any CPU
		{891EB598-9DD1-49EC-933A-2645F3AC8B22}.Release|Any CPU.ActiveCfg = Release|Any CPU
		{891EB598-9DD1-49EC-933A-2645F3AC8B22}.Release|Any CPU.Build.0 = Release|Any CPU
		{50A8803C-F41E-4995-B069-C8EDC3212AE4}.Debug|Any CPU.ActiveCfg = Debug|Any CPU
		{50A8803C-F41E-4995-B069-C8EDC3212AE4}.Debug|Any CPU.Build.0 = Debug|Any CPU
		{50A8803C-F41E-4995-B069-C8EDC3212AE4}.Release|Any CPU.ActiveCfg = Release|Any CPU
		{50A8803C-F41E-4995-B069-C8EDC3212AE4}.Release|Any CPU.Build.0 = Release|Any CPU
		{CE575B8D-FEE7-4FBF-9B47-9BA74A2DF200}.Debug|Any CPU.ActiveCfg = Debug|Any CPU
		{CE575B8D-FEE7-4FBF-9B47-9BA74A2DF200}.Debug|Any CPU.Build.0 = Debug|Any CPU
		{CE575B8D-FEE7-4FBF-9B47-9BA74A2DF200}.Release|Any CPU.ActiveCfg = Release|Any CPU
		{CE575B8D-FEE7-4FBF-9B47-9BA74A2DF200}.Release|Any CPU.Build.0 = Release|Any CPU
	EndGlobalSection
	GlobalSection(SolutionProperties) = preSolution
		HideSolutionNode = FALSE
	EndGlobalSection
	GlobalSection(ExtensibilityGlobals) = postSolution
		SolutionGuid = {39545B2E-8D6E-41FF-A162-A16521BFBE44}
	EndGlobalSection
EndGlobal
